
Microsoft Visual Studio Solution File, Format Version 12.00
# Visual Studio Version 16
VisualStudioVersion = 16.0.31005.135
MinimumVisualStudioVersion = 10.0.40219.1
Project("{FAE04EC0-301F-11D3-BF4B-00C04F79EFBC}") = "UserMaintenance", "UserMaintenance\UserMaintenance.csproj", "{5473667C-C387-4147-8755-E7F2D761485B}"
EndProject
Global
	GlobalSection(SolutionConfigurationPlatforms) = preSolution
		Debug|Any CPU = Debug|Any CPU
		Release|Any CPU = Release|Any CPU
	EndGlobalSection
	GlobalSection(ProjectConfigurationPlatforms) = postSolution
		{5473667C-C387-4147-8755-E7F2D761485B}.Debug|Any CPU.ActiveCfg = Debug|Any CPU
		{5473667C-C387-4147-8755-E7F2D761485B}.Debug|Any CPU.Build.0 = Debug|Any CPU
		{5473667C-C387-4147-8755-E7F2D761485B}.Release|Any CPU.ActiveCfg = Release|Any CPU
		{5473667C-C387-4147-8755-E7F2D761485B}.Release|Any CPU.Build.0 = Release|Any CPU
	EndGlobalSection
	GlobalSection(SolutionProperties) = preSolution
		HideSolutionNode = FALSE
	EndGlobalSection
	GlobalSection(ExtensibilityGlobals) = postSolution
		SolutionGuid = {448EF70E-C1DA-4D23-AECE-3164F8DCAB42}
	EndGlobalSection
EndGlobal
